
Microsoft Visual Studio Solution File, Format Version 10.00
# Visual Studio 2008
Project("{D183A3D8-5FD8-494B-B014-37F57B35E655}") = "TestPackages_v3_2008", "TestPackages_v3_2008\TestPackages_v3_2008.dtproj", "{0E13CCFB-C37A-4E28-BD63-125C36642EFB}"
EndProject
Global
	GlobalSection(SolutionConfigurationPlatforms) = preSolution
		Development|Default = Development|Default
	EndGlobalSection
	GlobalSection(ProjectConfigurationPlatforms) = postSolution
		{0E13CCFB-C37A-4E28-BD63-125C36642EFB}.Development|Default.ActiveCfg = Development
		{0E13CCFB-C37A-4E28-BD63-125C36642EFB}.Development|Default.Build.0 = Development
	EndGlobalSection
	GlobalSection(SolutionProperties) = preSolution
		HideSolutionNode = FALSE
	EndGlobalSection
EndGlobal
